
Microsoft Visual Studio Solution File, Format Version 12.00
# Visual Studio Version 17
VisualStudioVersion = 17.11.35222.181
MinimumVisualStudioVersion = 10.0.40219.1
Project("{9A19103F-16F7-4668-BE54-9A1E7A4F7556}") = "WpfApp1", "WpfApp1\WpfApp1.csproj", "{8D6D1271-793C-4ADA-BF30-D7114E803789}"
EndProject
Project("{FAE04EC0-301F-11D3-BF4B-00C04F79EFBC}") = "ClassLibrary1", "ClassLibrary1\ClassLibrary1.csproj", "{5A17368C-0094-4EB1-B76E-BB74B451FA69}"
EndProject
Global
	GlobalSection(SolutionConfigurationPlatforms) = preSolution
		Debug|Any CPU = Debug|Any CPU
		Release|Any CPU = Release|Any CPU
	EndGlobalSection
	GlobalSection(ProjectConfigurationPlatforms) = postSolution
		{8D6D1271-793C-4ADA-BF30-D7114E803789}.Debug|Any CPU.ActiveCfg = Debug|Any CPU
		{8D6D1271-793C-4ADA-BF30-D7114E803789}.Debug|Any CPU.Build.0 = Debug|Any CPU
		{8D6D1271-793C-4ADA-BF30-D7114E803789}.Release|Any CPU.ActiveCfg = Release|Any CPU
		{8D6D1271-793C-4ADA-BF30-D7114E803789}.Release|Any CPU.Build.0 = Release|Any CPU
		{5A17368C-0094-4EB1-B76E-BB74B451FA69}.Debug|Any CPU.ActiveCfg = Debug|Any CPU
		{5A17368C-0094-4EB1-B76E-BB74B451FA69}.Debug|Any CPU.Build.0 = Debug|Any CPU
		{5A17368C-0094-4EB1-B76E-BB74B451FA69}.Release|Any CPU.ActiveCfg = Release|Any CPU
		{5A17368C-0094-4EB1-B76E-BB74B451FA69}.Release|Any CPU.Build.0 = Release|Any CPU
	EndGlobalSection
	GlobalSection(SolutionProperties) = preSolution
		HideSolutionNode = FALSE
	EndGlobalSection
	GlobalSection(ExtensibilityGlobals) = postSolution
		SolutionGuid = {3C37B44A-EC6E-412D-B125-F487A31EADA8}
	EndGlobalSection
EndGlobal
